
Microsoft Visual Studio Solution File, Format Version 12.00
# Visual Studio Version 17
VisualStudioVersion = 17.14.36310.24 d17.14
MinimumVisualStudioVersion = 10.0.40219.1
Project("{FAE04EC0-301F-11D3-BF4B-00C04F79EFBC}") = "Examples", "Examples\Examples.csproj", "{DF636CEA-7F15-4731-9DAF-8960D5B18809}"
EndProject
Global
	GlobalSection(SolutionConfigurationPlatforms) = preSolution
		Debug|Any CPU = Debug|Any CPU
		Release|Any CPU = Release|Any CPU
	EndGlobalSection
	GlobalSection(ProjectConfigurationPlatforms) = postSolution
		{DF636CEA-7F15-4731-9DAF-8960D5B18809}.Debug|Any CPU.ActiveCfg = Debug|Any CPU
		{DF636CEA-7F15-4731-9DAF-8960D5B18809}.Debug|Any CPU.Build.0 = Debug|Any CPU
		{DF636CEA-7F15-4731-9DAF-8960D5B18809}.Release|Any CPU.ActiveCfg = Release|Any CPU
		{DF636CEA-7F15-4731-9DAF-8960D5B18809}.Release|Any CPU.Build.0 = Release|Any CPU
	EndGlobalSection
	GlobalSection(SolutionProperties) = preSolution
		HideSolutionNode = FALSE
	EndGlobalSection
	GlobalSection(ExtensibilityGlobals) = postSolution
		SolutionGuid = {36992F51-87C5-4602-BF23-6600A487D1DC}
	EndGlobalSection
EndGlobal
