
Microsoft Visual Studio Solution File, Format Version 12.00
# Visual Studio Version 17
VisualStudioVersion = 17.14.36310.24 d17.14
MinimumVisualStudioVersion = 10.0.40219.1
Project("{FAE04EC0-301F-11D3-BF4B-00C04F79EFBC}") = "AgentProject.Models", "AgentProject.Models\AgentProject.Models.csproj", "{FBAA113E-EB8E-46BA-9117-7CEB29BCF5C6}"
EndProject
Project("{FAE04EC0-301F-11D3-BF4B-00C04F79EFBC}") = "AgentProject.Exceptions", "..\AgentProject.Exceptions\AgentProject.Exceptions.csproj", "{7EE820E3-4993-4A9F-8D53-E0E8B643EC1B}"
EndProject
Project("{FAE04EC0-301F-11D3-BF4B-00C04F79EFBC}") = "AgentProject.Dao", "..\AgentProject.Dao\AgentProject.Dao.csproj", "{8EBAD8FE-DA8F-4073-BA0B-5399EA6D935E}"
EndProject
Project("{FAE04EC0-301F-11D3-BF4B-00C04F79EFBC}") = "AgentProject.Bal", "..\AgentProject.Bal\AgentProject.Bal.csproj", "{B7203A60-F91C-4096-B050-D10D59EA400B}"
EndProject
Project("{FAE04EC0-301F-11D3-BF4B-00C04F79EFBC}") = "AgentProject.MainOne", "..\AgentProject.MainOne\AgentProject.MainOne.csproj", "{0A16FC6E-88F8-4F4A-A2AB-6033B4830D0A}"
EndProject
Global
	GlobalSection(SolutionConfigurationPlatforms) = preSolution
		Debug|Any CPU = Debug|Any CPU
		Release|Any CPU = Release|Any CPU
	EndGlobalSection
	GlobalSection(ProjectConfigurationPlatforms) = postSolution
		{FBAA113E-EB8E-46BA-9117-7CEB29BCF5C6}.Debug|Any CPU.ActiveCfg = Debug|Any CPU
		{FBAA113E-EB8E-46BA-9117-7CEB29BCF5C6}.Debug|Any CPU.Build.0 = Debug|Any CPU
		{FBAA113E-EB8E-46BA-9117-7CEB29BCF5C6}.Release|Any CPU.ActiveCfg = Release|Any CPU
		{FBAA113E-EB8E-46BA-9117-7CEB29BCF5C6}.Release|Any CPU.Build.0 = Release|Any CPU
		{7EE820E3-4993-4A9F-8D53-E0E8B643EC1B}.Debug|Any CPU.ActiveCfg = Debug|Any CPU
		{7EE820E3-4993-4A9F-8D53-E0E8B643EC1B}.Debug|Any CPU.Build.0 = Debug|Any CPU
		{7EE820E3-4993-4A9F-8D53-E0E8B643EC1B}.Release|Any CPU.ActiveCfg = Release|Any CPU
		{7EE820E3-4993-4A9F-8D53-E0E8B643EC1B}.Release|Any CPU.Build.0 = Release|Any CPU
		{8EBAD8FE-DA8F-4073-BA0B-5399EA6D935E}.Debug|Any CPU.ActiveCfg = Debug|Any CPU
		{8EBAD8FE-DA8F-4073-BA0B-5399EA6D935E}.Debug|Any CPU.Build.0 = Debug|Any CPU
		{8EBAD8FE-DA8F-4073-BA0B-5399EA6D935E}.Release|Any CPU.ActiveCfg = Release|Any CPU
		{8EBAD8FE-DA8F-4073-BA0B-5399EA6D935E}.Release|Any CPU.Build.0 = Release|Any CPU
		{B7203A60-F91C-4096-B050-D10D59EA400B}.Debug|Any CPU.ActiveCfg = Debug|Any CPU
		{B7203A60-F91C-4096-B050-D10D59EA400B}.Debug|Any CPU.Build.0 = Debug|Any CPU
		{B7203A60-F91C-4096-B050-D10D59EA400B}.Release|Any CPU.ActiveCfg = Release|Any CPU
		{B7203A60-F91C-4096-B050-D10D59EA400B}.Release|Any CPU.Build.0 = Release|Any CPU
		{0A16FC6E-88F8-4F4A-A2AB-6033B4830D0A}.Debug|Any CPU.ActiveCfg = Debug|Any CPU
		{0A16FC6E-88F8-4F4A-A2AB-6033B4830D0A}.Debug|Any CPU.Build.0 = Debug|Any CPU
		{0A16FC6E-88F8-4F4A-A2AB-6033B4830D0A}.Release|Any CPU.ActiveCfg = Release|Any CPU
		{0A16FC6E-88F8-4F4A-A2AB-6033B4830D0A}.Release|Any CPU.Build.0 = Release|Any CPU
	EndGlobalSection
	GlobalSection(SolutionProperties) = preSolution
		HideSolutionNode = FALSE
	EndGlobalSection
	GlobalSection(ExtensibilityGlobals) = postSolution
		SolutionGuid = {F8A90F7C-60D5-43AA-AE8D-D8C9ACA98D14}
	EndGlobalSection
EndGlobal
