
Microsoft Visual Studio Solution File, Format Version 12.00
# Visual Studio Version 17
VisualStudioVersion = 17.14.36310.24 d17.14
MinimumVisualStudioVersion = 10.0.40219.1
Project("{FAE04EC0-301F-11D3-BF4B-00C04F79EFBC}") = "ExtensionEx1", "ExtensionEx1\ExtensionEx1.csproj", "{A5EE1C1A-9A8E-460C-851F-25F2AD1CB7ED}"
EndProject
Global
	GlobalSection(SolutionConfigurationPlatforms) = preSolution
		Debug|Any CPU = Debug|Any CPU
		Release|Any CPU = Release|Any CPU
	EndGlobalSection
	GlobalSection(ProjectConfigurationPlatforms) = postSolution
		{A5EE1C1A-9A8E-460C-851F-25F2AD1CB7ED}.Debug|Any CPU.ActiveCfg = Debug|Any CPU
		{A5EE1C1A-9A8E-460C-851F-25F2AD1CB7ED}.Debug|Any CPU.Build.0 = Debug|Any CPU
		{A5EE1C1A-9A8E-460C-851F-25F2AD1CB7ED}.Release|Any CPU.ActiveCfg = Release|Any CPU
		{A5EE1C1A-9A8E-460C-851F-25F2AD1CB7ED}.Release|Any CPU.Build.0 = Release|Any CPU
	EndGlobalSection
	GlobalSection(SolutionProperties) = preSolution
		HideSolutionNode = FALSE
	EndGlobalSection
	GlobalSection(ExtensibilityGlobals) = postSolution
		SolutionGuid = {D875C76C-3E13-4E48-90B0-C36020FE4895}
	EndGlobalSection
EndGlobal
