
Microsoft Visual Studio Solution File, Format Version 12.00
# Visual Studio Version 17
VisualStudioVersion = 17.14.36408.4
MinimumVisualStudioVersion = 10.0.40219.1
Project("{FAE04EC0-301F-11D3-BF4B-00C04F79EFBC}") = "BloggerAndCms", "BloggerAndCms\BloggerAndCms.csproj", "{ABDD4737-951A-4446-9866-6CF9EB8A4CC4}"
EndProject
Project("{FAE04EC0-301F-11D3-BF4B-00C04F79EFBC}") = "BloogerAndCms.Tests", "..\BloogerAndCms.Tests\BloogerAndCms.Tests.csproj", "{3026DDC1-7085-4829-B6B0-78FFF98BE600}"
EndProject
Global
	GlobalSection(SolutionConfigurationPlatforms) = preSolution
		Debug|Any CPU = Debug|Any CPU
		Release|Any CPU = Release|Any CPU
	EndGlobalSection
	GlobalSection(ProjectConfigurationPlatforms) = postSolution
		{ABDD4737-951A-4446-9866-6CF9EB8A4CC4}.Debug|Any CPU.ActiveCfg = Debug|Any CPU
		{ABDD4737-951A-4446-9866-6CF9EB8A4CC4}.Debug|Any CPU.Build.0 = Debug|Any CPU
		{ABDD4737-951A-4446-9866-6CF9EB8A4CC4}.Release|Any CPU.ActiveCfg = Release|Any CPU
		{ABDD4737-951A-4446-9866-6CF9EB8A4CC4}.Release|Any CPU.Build.0 = Release|Any CPU
		{3026DDC1-7085-4829-B6B0-78FFF98BE600}.Debug|Any CPU.ActiveCfg = Debug|Any CPU
		{3026DDC1-7085-4829-B6B0-78FFF98BE600}.Debug|Any CPU.Build.0 = Debug|Any CPU
		{3026DDC1-7085-4829-B6B0-78FFF98BE600}.Release|Any CPU.ActiveCfg = Release|Any CPU
		{3026DDC1-7085-4829-B6B0-78FFF98BE600}.Release|Any CPU.Build.0 = Release|Any CPU
	EndGlobalSection
	GlobalSection(SolutionProperties) = preSolution
		HideSolutionNode = FALSE
	EndGlobalSection
	GlobalSection(ExtensibilityGlobals) = postSolution
		SolutionGuid = {759ACF48-FE5F-4ED4-94B7-F72BF8BB6AD1}
	EndGlobalSection
EndGlobal
