
Microsoft Visual Studio Solution File, Format Version 12.00
# Visual Studio Version 17
VisualStudioVersion = 17.14.36310.24 d17.14
MinimumVisualStudioVersion = 10.0.40219.1
Project("{FAE04EC0-301F-11D3-BF4B-00C04F79EFBC}") = "InterfaceEx1", "InterfaceEx1\InterfaceEx1.csproj", "{3CD6AC05-B5B1-4EFE-934C-BDED5F59DA43}"
EndProject
Global
	GlobalSection(SolutionConfigurationPlatforms) = preSolution
		Debug|Any CPU = Debug|Any CPU
		Release|Any CPU = Release|Any CPU
	EndGlobalSection
	GlobalSection(ProjectConfigurationPlatforms) = postSolution
		{3CD6AC05-B5B1-4EFE-934C-BDED5F59DA43}.Debug|Any CPU.ActiveCfg = Debug|Any CPU
		{3CD6AC05-B5B1-4EFE-934C-BDED5F59DA43}.Debug|Any CPU.Build.0 = Debug|Any CPU
		{3CD6AC05-B5B1-4EFE-934C-BDED5F59DA43}.Release|Any CPU.ActiveCfg = Release|Any CPU
		{3CD6AC05-B5B1-4EFE-934C-BDED5F59DA43}.Release|Any CPU.Build.0 = Release|Any CPU
	EndGlobalSection
	GlobalSection(SolutionProperties) = preSolution
		HideSolutionNode = FALSE
	EndGlobalSection
	GlobalSection(ExtensibilityGlobals) = postSolution
		SolutionGuid = {0EA3E1EC-0903-43E1-81A4-7288B6E35A64}
	EndGlobalSection
EndGlobal
